
Microsoft Visual Studio Solution File, Format Version 12.00
# Visual Studio Version 16
VisualStudioVersion = 16.0.31129.286
MinimumVisualStudioVersion = 10.0.40219.1
Project("{FAE04EC0-301F-11D3-BF4B-00C04F79EFBC}") = "60.1 - Construtores-This-Sobrecarga-Encapsulamento", "60.1 - Construtores-This-Sobrecarga-Encapsulamento\60.1 - Construtores-This-Sobrecarga-Encapsulamento.csproj", "{19B27B47-CABD-4F91-AEE5-100C98321E12}"
EndProject
Global
	GlobalSection(SolutionConfigurationPlatforms) = preSolution
		Debug|Any CPU = Debug|Any CPU
		Release|Any CPU = Release|Any CPU
	EndGlobalSection
	GlobalSection(ProjectConfigurationPlatforms) = postSolution
		{19B27B47-CABD-4F91-AEE5-100C98321E12}.Debug|Any CPU.ActiveCfg = Debug|Any CPU
		{19B27B47-CABD-4F91-AEE5-100C98321E12}.Debug|Any CPU.Build.0 = Debug|Any CPU
		{19B27B47-CABD-4F91-AEE5-100C98321E12}.Release|Any CPU.ActiveCfg = Release|Any CPU
		{19B27B47-CABD-4F91-AEE5-100C98321E12}.Release|Any CPU.Build.0 = Release|Any CPU
	EndGlobalSection
	GlobalSection(SolutionProperties) = preSolution
		HideSolutionNode = FALSE
	EndGlobalSection
	GlobalSection(ExtensibilityGlobals) = postSolution
		SolutionGuid = {77A34829-89E0-45AA-B1B1-2B698CF423BC}
	EndGlobalSection
EndGlobal
